
Microsoft Visual Studio Solution File, Format Version 12.00
# Visual Studio 15
VisualStudioVersion = 15.0.28010.2046
MinimumVisualStudioVersion = 10.0.40219.1
Project("{FAE04EC0-301F-11D3-BF4B-00C04F79EFBC}") = "Animal types", "Animal types\Animal types.csproj", "{FCCD2444-730E-4EA8-B3A2-2F404C761789}"
EndProject
Global
	GlobalSection(SolutionConfigurationPlatforms) = preSolution
		Debug|Any CPU = Debug|Any CPU
		Release|Any CPU = Release|Any CPU
	EndGlobalSection
	GlobalSection(ProjectConfigurationPlatforms) = postSolution
		{FCCD2444-730E-4EA8-B3A2-2F404C761789}.Debug|Any CPU.ActiveCfg = Debug|Any CPU
		{FCCD2444-730E-4EA8-B3A2-2F404C761789}.Debug|Any CPU.Build.0 = Debug|Any CPU
		{FCCD2444-730E-4EA8-B3A2-2F404C761789}.Release|Any CPU.ActiveCfg = Release|Any CPU
		{FCCD2444-730E-4EA8-B3A2-2F404C761789}.Release|Any CPU.Build.0 = Release|Any CPU
	EndGlobalSection
	GlobalSection(SolutionProperties) = preSolution
		HideSolutionNode = FALSE
	EndGlobalSection
	GlobalSection(ExtensibilityGlobals) = postSolution
		SolutionGuid = {8A58D93A-AA92-463B-9755-6B09DE24C9D5}
	EndGlobalSection
EndGlobal
